{
  "requires": true,
  "lockfileVersion": 1,
  "dependencies": {
    "@fullcalendar/core": {
      "version": "4.4.0",
      "resolved": "https://registry.npmjs.org/@fullcalendar/core/-/core-4.4.0.tgz",
      "integrity": "sha512-PC4mmXHJHAlXmUEmZVnePyA8yYCOBdxBNq8yjJqedEtT1X0x36yTFz/Y0Ux6bniICZDqYtk0xoxe6jaxi++e0g=="
    },
    "@fullcalendar/daygrid": {
      "version": "4.4.0",
      "resolved": "https://registry.npmjs.org/@fullcalendar/daygrid/-/daygrid-4.4.0.tgz",
      "integrity": "sha512-pDfvL0XZxKHTZ4VFOmwaYe3LmuABEIZsEopeqQ8y5O6BDen9KCbJqgHeCI8FpASSBd6bNlUx7il7EHdSoHhgIw=="
    },
    "@fullcalendar/resource-common": {
      "version": "4.4.0",
      "resolved": "https://registry.npmjs.org/@fullcalendar/resource-common/-/resource-common-4.4.0.tgz",
      "integrity": "sha512-pR7LNBCeqrCsKbNzhdDSg/yiaJe/HUp9axStl2J9GgJF73bXFqYywCJ1WcGp1WLejzT3zq6cXHYBKq9gSzLywQ=="
    },
    "@fullcalendar/resource-daygrid": {
      "version": "4.4.0",
      "resolved": "https://registry.npmjs.org/@fullcalendar/resource-daygrid/-/resource-daygrid-4.4.0.tgz",
      "integrity": "sha512-b/Rdy2yqzxl5QWMCclpsDEMywOqqg/CV70J0QQgzhGEUdxftWLajU8KuiDN01K+3vJBwHWAwNz+2xudlw4pYkA==",
      "requires": {
        "@fullcalendar/daygrid": "~4.4.0",
        "@fullcalendar/resource-common": "~4.4.0"
      }
    },
    "@fullcalendar/resource-timegrid": {
      "version": "4.4.0",
      "resolved": "https://registry.npmjs.org/@fullcalendar/resource-timegrid/-/resource-timegrid-4.4.0.tgz",
      "integrity": "sha512-0Vn+WQbysgqBsp0JtRsOkGWACCRFY0oq/Thxgldfz6MXrDFXC64HZU1FTwSZFdfCd01n36SqBcBr1eoAOz5J4g==",
      "requires": {
        "@fullcalendar/resource-common": "~4.4.0",
        "@fullcalendar/resource-daygrid": "~4.4.0",
        "@fullcalendar/timegrid": "~4.4.0"
      }
    },
    "@fullcalendar/timegrid": {
      "version": "4.4.0",
      "resolved": "https://registry.npmjs.org/@fullcalendar/timegrid/-/timegrid-4.4.0.tgz",
      "integrity": "sha512-QwJ9oM87/ZTbXaE8PMIVp20GPtVCFmroaeR1GydJ6BKYtbxG/nsaSv7RhqvDa2jLjHaTWC2NjHo9hRfjQjtCZA==",
      "requires": {
        "@fullcalendar/daygrid": "~4.4.0"
      }
    }
  }
}
